<?xml version="1.0" encoding="utf-8"?>
<Project ToolsVersion="4.0" xmlns="http://schemas.microsoft.com/developer/msbuild/2003">
  <ItemGroup>
    <Filter Include="헤더 파일">
      <UniqueIdentifier>{40BBB9AF-BF3D-47B4-9F17-2B33A33FAC66}</UniqueIdentifier>
      <Extensions>h;hh;hpp;hxx;h++;hm;inl;inc;ipp;xsd</Extensions>
    </Filter>
    <Filter Include="소스 파일">
      <UniqueIdentifier>{5044A38F-B20C-446E-974C-856BEEDAEB92}</UniqueIdentifier>
      <Extensions>cpp;c;cc;cxx;c++;cppm;ixx;def;odl;idl;hpj;bat;asm;asmx</Extensions>
    </Filter>
    <Filter Include="Network">
      <UniqueIdentifier>{B405223A-50E5-4724-934C-62841B978F4D}</UniqueIdentifier>
    </Filter>
    <Filter Include="Network\Encoder">
      <UniqueIdentifier>{A2D338BC-63F9-4470-A808-C819B3C2EF6A}</UniqueIdentifier>
    </Filter>
  </ItemGroup>
  <ItemGroup>
    <ClInclude Include="include\NetServer.h">
      <Filter>Network</Filter>
    </ClInclude>
    <ClInclude Include="include\NetClient.h">
      <Filter>Network</Filter>
    </ClInclude>
    <ClInclude Include="include\Packet.h">
      <Filter>Network</Filter>
    </ClInclude>
    <ClInclude Include="include\IPacketEncoder.h">
      <Filter>Network\Encoder</Filter>
    </ClInclude>
    <ClInclude Include="include\XorPacketEncoder.h">
      <Filter>Network\Encoder</Filter>
    </ClInclude>
  </ItemGroup>
  <ItemGroup>
    <ClCompile Include="src\NetServer.cpp">
      <Filter>Network</Filter>
    </ClCompile>
    <ClCompile Include="src\NetClient.cpp">
      <Filter>Network</Filter>
    </ClCompile>
    <ClCompile Include="src\Packet.cpp">
      <Filter>Network</Filter>
    </ClCompile>
    <ClCompile Include="src\XorPacketEncoder.cpp">
      <Filter>Network\Encoder</Filter>
    </ClCompile>
  </ItemGroup>
</Project>
