<?xml version="1.0" encoding="utf-8"?>
<Project ToolsVersion="4.0" xmlns="http://schemas.microsoft.com/developer/msbuild/2003">
  <ItemGroup>
    <Filter Include="소스 파일">
      <UniqueIdentifier>{4FC737F1-C7A5-4376-A066-2A32D752A2FF}</UniqueIdentifier>
      <Extensions>cpp;c;cc;cxx;c++;cppm;ixx;def;odl;idl;hpj;bat;asm;asmx</Extensions>
    </Filter>
    <Filter Include="헤더 파일">
      <UniqueIdentifier>{93995380-89BD-4b04-88EB-625FBE52EBFB}</UniqueIdentifier>
      <Extensions>h;hh;hpp;hxx;h++;hm;inl;inc;ipp;xsd</Extensions>
    </Filter>
    <Filter Include="리소스 파일">
      <UniqueIdentifier>{67DA6AB6-F800-4c08-8B7A-83BB121AAD01}</UniqueIdentifier>
      <Extensions>rc;ico;cur;bmp;dlg;rc2;rct;bin;rgs;gif;jpg;jpeg;jpe;resx;tiff;tif;png;wav;mfcribbon-ms</Extensions>
    </Filter>
    <Filter Include="NETWORK">
      <UniqueIdentifier>{8646ac44-3a9a-4ad8-ab66-31ed7cb41a55}</UniqueIdentifier>
    </Filter>
    <Filter Include="NETWORK\CPACKET">
      <UniqueIdentifier>{f097d2de-ee10-49f8-a2ab-3959c622c63d}</UniqueIdentifier>
    </Filter>
    <Filter Include="NETWORK\CNET">
      <UniqueIdentifier>{58925102-f405-4647-be04-f2322fedcc4f}</UniqueIdentifier>
    </Filter>
    <Filter Include="NETWORK\LFQ_TLS">
      <UniqueIdentifier>{1e2357e3-1922-43f9-91ad-8d0a333361c6}</UniqueIdentifier>
    </Filter>
    <Filter Include="NETWORK\MEMORYPOOL">
      <UniqueIdentifier>{b60aa5bf-30f4-44ba-94c0-5f7591d62640}</UniqueIdentifier>
    </Filter>
    <Filter Include="LOG">
      <UniqueIdentifier>{8bf0fa49-1bc6-44a2-bd5b-3da46324f641}</UniqueIdentifier>
    </Filter>
    <Filter Include="MONITORING_TOOL">
      <UniqueIdentifier>{ef5341d0-4a2a-4f4b-a093-1285bc134fdd}</UniqueIdentifier>
    </Filter>
    <Filter Include="CONTENT">
      <UniqueIdentifier>{da0005ca-4dd2-4026-b503-4f8c393fac7a}</UniqueIdentifier>
    </Filter>
    <Filter Include="NETWORK\MEMORYPOOL\_MEMPOOL_TLS">
      <UniqueIdentifier>{dd1fee80-1a85-4cdf-9797-16a9fd0f9e5c}</UniqueIdentifier>
    </Filter>
    <Filter Include="NETWORK\MEMORYPOOL\_MEMPOOL_TLS\_LFS">
      <UniqueIdentifier>{e431332d-556e-4208-9a6b-5c1382a9e272}</UniqueIdentifier>
    </Filter>
    <Filter Include="LOG\CRASHDUMP">
      <UniqueIdentifier>{f99ce4bc-00c7-403e-a900-508aaf02854b}</UniqueIdentifier>
    </Filter>
    <Filter Include="NETWORK\CLAN">
      <UniqueIdentifier>{c0f26cab-3a7b-4949-ac1d-a34598fbefa8}</UniqueIdentifier>
    </Filter>
    <Filter Include="MONITORCLIENT">
      <UniqueIdentifier>{ac7045c3-32b1-4a9b-a566-8d29a936b893}</UniqueIdentifier>
    </Filter>
  </ItemGroup>
  <ItemGroup>
    <ClInclude Include="Protocol.h">
      <Filter>헤더 파일</Filter>
    </ClInclude>
    <ClInclude Include="CNet_Server.h">
      <Filter>NETWORK\CNET</Filter>
    </ClInclude>
    <ClInclude Include="CPacket.h">
      <Filter>NETWORK\CPACKET</Filter>
    </ClInclude>
    <ClInclude Include="LockFree_Queue_TLS.h">
      <Filter>NETWORK\LFQ_TLS</Filter>
    </ClInclude>
    <ClInclude Include="MemoryPool_LF.h">
      <Filter>NETWORK\MEMORYPOOL</Filter>
    </ClInclude>
    <ClInclude Include="MemoryPool_TLS.h">
      <Filter>NETWORK\MEMORYPOOL\_MEMPOOL_TLS</Filter>
    </ClInclude>
    <ClInclude Include="LockFree_Stack.h">
      <Filter>NETWORK\MEMORYPOOL\_MEMPOOL_TLS\_LFS</Filter>
    </ClInclude>
    <ClInclude Include="Monitoring_Tool.h">
      <Filter>MONITORING_TOOL</Filter>
    </ClInclude>
    <ClInclude Include="Content.h">
      <Filter>CONTENT</Filter>
    </ClInclude>
    <ClInclude Include="CrashDump.h">
      <Filter>LOG\CRASHDUMP</Filter>
    </ClInclude>
    <ClInclude Include="Logger.h">
      <Filter>LOG</Filter>
    </ClInclude>
    <ClInclude Include="CLan_Client.h">
      <Filter>NETWORK\CLAN</Filter>
    </ClInclude>
    <ClInclude Include="MonitorClient.h">
      <Filter>MONITORCLIENT</Filter>
    </ClInclude>
  </ItemGroup>
  <ItemGroup>
    <ClCompile Include="CNet_Server.cpp">
      <Filter>NETWORK\CNET</Filter>
    </ClCompile>
    <ClCompile Include="CPacket.cpp">
      <Filter>NETWORK\CPACKET</Filter>
    </ClCompile>
    <ClCompile Include="Monitoring_Tool.cpp">
      <Filter>MONITORING_TOOL</Filter>
    </ClCompile>
    <ClCompile Include="main.cpp">
      <Filter>소스 파일</Filter>
    </ClCompile>
    <ClCompile Include="Content.cpp">
      <Filter>CONTENT</Filter>
    </ClCompile>
    <ClCompile Include="E:\C\procademy\수업\day_103_01.cpp">
      <Filter>소스 파일</Filter>
    </ClCompile>
    <ClCompile Include="CrashDump.cpp">
      <Filter>LOG\CRASHDUMP</Filter>
    </ClCompile>
    <ClCompile Include="Logger.cpp">
      <Filter>LOG</Filter>
    </ClCompile>
    <ClCompile Include="CLan_Client.cpp">
      <Filter>NETWORK\CLAN</Filter>
    </ClCompile>
  </ItemGroup>
</Project>