<?xml version="1.0" encoding="utf-8"?>
<Project ToolsVersion="4.0" xmlns="http://schemas.microsoft.com/developer/msbuild/2003">
  <ItemGroup>
    <Filter Include="Source Files">
      <UniqueIdentifier>{4FC737F1-C7A5-4376-A066-2A32D752A2FF}</UniqueIdentifier>
      <Extensions>cpp;c;cc;cxx;c++;cppm;ixx;def;odl;idl;hpj;bat;asm;asmx</Extensions>
    </Filter>
    <Filter Include="External">
      <UniqueIdentifier>{8E0A8F4A-6E5B-4D7C-9F3D-1A2B3C4D5E6F}</UniqueIdentifier>
    </Filter>
  </ItemGroup>
  <ItemGroup>
    <ClCompile Include="..\..\External\Catch2\catch_amalgamated.cpp">
      <Filter>External</Filter>
    </ClCompile>
    <ClCompile Include="test_sanity.cpp">
      <Filter>Source Files</Filter>
    </ClCompile>
    <ClCompile Include="test_packet.cpp">
      <Filter>Source Files</Filter>
    </ClCompile>
    <ClCompile Include="test_xor_encoder.cpp">
      <Filter>Source Files</Filter>
    </ClCompile>
    <ClCompile Include="test_netclient_loopback.cpp">
      <Filter>Source Files</Filter>
    </ClCompile>
  </ItemGroup>
</Project>
